github.com/ifo/gozulipbot v0.0.1 h1:hYcUViKBe1ZIXk+WRNOe2dEFGi6H8G1cr25HsEnN9Xw=
github.com/ifo/gozulipbot v0.0.1/go.mod h1:KBDdzKbjflzh+LBaYauJmuDCwwXfFLI6j3eSENlScE0=
github.com/pelletier/go-toml v1.9.5 h1:4yBQzkHv+7BHq2PQUZF3Mx0IYxG7LsP222s7Agd3ve8=
github.com/pelletier/go-toml v1.9.5/go.mod h1:u1nR/EPcESfeI/szUZKdtJ0xRNbUoANCkoOuaOx1Y+c=
