github.com/ftrvxmtrx/fd v0.0.0-20150925145434-c6d800382fff h1:zk1wwii7uXmI0znwU+lqg+wFL9G5+vm5I+9rv2let60=
github.com/ftrvxmtrx/fd v0.0.0-20150925145434-c6d800382fff/go.mod h1:yUhRXHewUVJ1k89wHKP68xfzk7kwXUx/DV1nx4EBMbw=
github.com/go-stack/stack v1.8.0 h1:5SgMzNM5HxrEjV0ww2lTmX6E2Izsfxas4+YHWRs3Lsk=
github.com/go-stack/stack v1.8.0/go.mod h1:v0f6uXyyMGvRgIKkXu+yp6POWl0qKG85gN/melR3HDY=
github.com/ifo/gozulipbot v0.0.1 h1:hYcUViKBe1ZIXk+WRNOe2dEFGi6H8G1cr25HsEnN9Xw=
github.com/ifo/gozulipbot v0.0.1/go.mod h1:KBDdzKbjflzh+LBaYauJmuDCwwXfFLI6j3eSENlScE0=
github.com/inconshreveable/log15 v0.0.0-20200109203555-b30bc20e4fd1 h1:KUDFlmBg2buRWNzIcwLlKvfcnujcHQRQ1As1LoaCLAM=
github.com/inconshreveable/log15 v0.0.0-20200109203555-b30bc20e4fd1/go.mod h1:cOaXtrgN4ScfRrD9Bre7U1thNq5RtJ8ZoP4iXVGRj6o=
github.com/mattn/go-colorable v0.1.6 h1:6Su7aK7lXmJ/U79bYtBjLNaha4Fs1Rg9plHpcH+vvnE=
github.com/mattn/go-colorable v0.1.6/go.mod h1:u6P/XSegPjTcexA+o6vUJrdnUu04hMope9wVRipJSqc=
github.com/mattn/go-isatty v0.0.12 h1:wuysRhFDzyxgEmMf5xjvJ2M9dZoWAXNNr5LSBS7uHXY=
github.com/mattn/go-isatty v0.0.12/go.mod h1:cbi8OIDigv2wuxKPP5vlRcQ1OAZbq2CE4Kysco4FUpU=
github.com/pelletier/go-toml v1.9.5 h1:4yBQzkHv+7BHq2PQUZF3Mx0IYxG7LsP222s7Agd3ve8=
github.com/pelletier/go-toml v1.9.5/go.mod h1:u1nR/EPcESfeI/szUZKdtJ0xRNbUoANCkoOuaOx1Y+c=
github.com/whyrusleeping/hellabot v0.0.0-20230331073038-70f5dd5c40d9 h1:y7lb+uda1qXXCfyxbPV707hHWrPL5bfId2bk7n9kvm8=
github.com/whyrusleeping/hellabot v0.0.0-20230331073038-70f5dd5c40d9/go.mod h1:g3f61CcN5csyM0R/e0xF2FX8gKiuGHREi3ostG6FWlQ=
golang.org/x/sys v0.0.0-20200116001909-b77594299b42/go.mod h1:h1NjWce9XRLGQEsW7wpKNCjG9DtNlClVuFLEZdDNbEs=
golang.org/x/sys v0.0.0-20200223170610-d5e6a3e2c0ae h1:/WDfKMnPU+m5M4xB+6x4kaepxRw6jWvR5iDRdvjHgy8=
golang.org/x/sys v0.0.0-20200223170610-d5e6a3e2c0ae/go.mod h1:h1NjWce9XRLGQEsW7wpKNCjG9DtNlClVuFLEZdDNbEs=
golang.org/x/sys v0.13.0 h1:Af8nKPmuFypiUBjVoU9V20FiaFXOcuZI21p0ycVYYGE=
golang.org/x/sys v0.13.0/go.mod h1:oPkhp1MJrh7nUepCBck5+mAzfO9JrbApNNgaTdGDITg=
golang.org/x/term v0.13.0 h1:bb+I9cTfFazGW51MZqBVmZy7+JEJMouUHTUSKVQLBek=
golang.org/x/term v0.13.0/go.mod h1:LTmsnFJwVN6bCy1rVCoS+qHT1HhALEFxKncY3WNNh4U=
gopkg.in/inconshreveable/log15.v2 v2.0.0-20200109203555-b30bc20e4fd1 h1:iiHuQZCNgYPmFQxd3BBN/Nc5+dAwzZuq5y40s20oQw0=
gopkg.in/inconshreveable/log15.v2 v2.0.0-20200109203555-b30bc20e4fd1/go.mod h1:aPpfJ7XW+gOuirDoZ8gHhLh3kZ1B08FtV2bbmy7Jv3s=
gopkg.in/inconshreveable/log15.v2 v2.16.0 h1:LWHLVX8KbBMkQFSqfno4901Z4Wg8L3B7Cu0n4K/Q7MA=
gopkg.in/inconshreveable/log15.v2 v2.16.0/go.mod h1:aPpfJ7XW+gOuirDoZ8gHhLh3kZ1B08FtV2bbmy7Jv3s=
gopkg.in/sorcix/irc.v2 v2.0.0-20200812151606-3f15758ea8c7 h1:XS4tmz0w7EYviIrBpFVww8IyKJQiIX5SU/1ptPVtBWI=
gopkg.in/sorcix/irc.v2 v2.0.0-20200812151606-3f15758ea8c7/go.mod h1:PmJkUcwbuPi1FiZ9Rarr6wzVMvzkO7uWqH1jwrMkgW0=
